{
  "name": "freshers-partysite",
  "lockfileVersion": 3,
  "requires": true,
  "packages": {
    "": {
      "dependencies": {
        "@chakra-ui/form-control": "^2.2.0"
      }
    },
    "node_modules/@chakra-ui/form-control": {
      "version": "2.2.0",
      "resolved": "https://registry.npmjs.org/@chakra-ui/form-control/-/form-control-2.2.0.tgz",
      "integrity": "sha512-wehLC1t4fafCVJ2RvJQT2jyqsAwX7KymmiGqBu7nQoQz8ApTkGABWpo/QwDh3F/dBLrouHDoOvGmYTqft3Mirw==",
      "license": "MIT",
      "dependencies": {
        "@chakra-ui/icon": "3.2.0",
        "@chakra-ui/react-context": "2.1.0",
        "@chakra-ui/react-types": "2.0.7",
        "@chakra-ui/react-use-merge-refs": "2.1.0",
        "@chakra-ui/shared-utils": "2.0.5"
      },
      "peerDependencies": {
        "@chakra-ui/system": ">=2.0.0",
        "react": ">=18"
      }
    },
    "node_modules/@chakra-ui/icon": {
      "version": "3.2.0",
      "resolved": "https://registry.npmjs.org/@chakra-ui/icon/-/icon-3.2.0.tgz",
      "integrity": "sha512-xxjGLvlX2Ys4H0iHrI16t74rG9EBcpFvJ3Y3B7KMQTrnW34Kf7Da/UC8J67Gtx85mTHW020ml85SVPKORWNNKQ==",
      "license": "MIT",
      "dependencies": {
        "@chakra-ui/shared-utils": "2.0.5"
      },
      "peerDependencies": {
        "@chakra-ui/system": ">=2.0.0",
        "react": ">=18"
      }
    },
    "node_modules/@chakra-ui/react-context": {
      "version": "2.1.0",
      "resolved": "https://registry.npmjs.org/@chakra-ui/react-context/-/react-context-2.1.0.tgz",
      "integrity": "sha512-iahyStvzQ4AOwKwdPReLGfDesGG+vWJfEsn0X/NoGph/SkN+HXtv2sCfYFFR9k7bb+Kvc6YfpLlSuLvKMHi2+w==",
      "license": "MIT",
      "peerDependencies": {
        "react": ">=18"
      }
    },
    "node_modules/@chakra-ui/react-types": {
      "version": "2.0.7",
      "resolved": "https://registry.npmjs.org/@chakra-ui/react-types/-/react-types-2.0.7.tgz",
      "integrity": "sha512-12zv2qIZ8EHwiytggtGvo4iLT0APris7T0qaAWqzpUGS0cdUtR8W+V1BJ5Ocq+7tA6dzQ/7+w5hmXih61TuhWQ==",
      "license": "MIT",
      "peerDependencies": {
        "react": ">=18"
      }
    },
    "node_modules/@chakra-ui/react-use-merge-refs": {
      "version": "2.1.0",
      "resolved": "https://registry.npmjs.org/@chakra-ui/react-use-merge-refs/-/react-use-merge-refs-2.1.0.tgz",
      "integrity": "sha512-lERa6AWF1cjEtWSGjxWTaSMvneccnAVH4V4ozh8SYiN9fSPZLlSG3kNxfNzdFvMEhM7dnP60vynF7WjGdTgQbQ==",
      "license": "MIT",
      "peerDependencies": {
        "react": ">=18"
      }
    },
    "node_modules/@chakra-ui/shared-utils": {
      "version": "2.0.5",
      "resolved": "https://registry.npmjs.org/@chakra-ui/shared-utils/-/shared-utils-2.0.5.tgz",
      "integrity": "sha512-4/Wur0FqDov7Y0nCXl7HbHzCg4aq86h+SXdoUeuCMD3dSj7dpsVnStLYhng1vxvlbUnLpdF4oz5Myt3i/a7N3Q==",
      "license": "MIT"
    }
  }
}
